<?xml version="1.0" encoding="utf-8"?>
<Project ToolsVersion="4.0" xmlns="http://schemas.microsoft.com/developer/msbuild/2003">
  <ItemGroup>
    <Filter Include="Source Files">
      <UniqueIdentifier>{4FC737F1-C7A5-4376-A066-2A32D752A2FF}</UniqueIdentifier>
      <Extensions>cpp;c;cc;cxx;def;odl;idl;hpj;bat;asm;asmx</Extensions>
    </Filter>
    <Filter Include="Header Files">
      <UniqueIdentifier>{93995380-89BD-4b04-88EB-625FBE52EBFB}</UniqueIdentifier>
      <Extensions>h;hh;hpp;hxx;hm;inl;inc;xsd</Extensions>
    </Filter>
    <Filter Include="Resource Files">
      <UniqueIdentifier>{67DA6AB6-F800-4c08-8B7A-83BB121AAD01}</UniqueIdentifier>
      <Extensions>rc;ico;cur;bmp;dlg;rc2;rct;bin;rgs;gif;jpg;jpeg;jpe;resx;tiff;tif;png;wav;mfcribbon-ms</Extensions>
    </Filter>
  </ItemGroup>
  <ItemGroup>
    <ClCompile Include="Application.cpp">
      <Filter>Source Files</Filter>
    </ClCompile>
    <ClCompile Include="FontManager.cpp">
      <Filter>Source Files</Filter>
    </ClCompile>
    <ClCompile Include="main.cpp">
      <Filter>Source Files</Filter>
    </ClCompile>
    <ClCompile Include="Vector2.cpp">
      <Filter>Source Files</Filter>
    </ClCompile>
    <ClCompile Include="FPSCounter.cpp">
      <Filter>Source Files</Filter>
    </ClCompile>
    <ClCompile Include="LoadingScene.cpp">
      <Filter>Source Files</Filter>
    </ClCompile>
    <ClCompile Include="MainMenuScene.cpp">
      <Filter>Source Files</Filter>
    </ClCompile>
    <ClCompile Include="AStar.cpp">
      <Filter>Source Files</Filter>
    </ClCompile>
    <ClCompile Include="AStarScene.cpp">
      <Filter>Source Files</Filter>
    </ClCompile>
    <ClCompile Include="FifteenPuzzleScene.cpp">
      <Filter>Source Files</Filter>
    </ClCompile>
    <ClCompile Include="MinerScene.cpp">
      <Filter>Source Files</Filter>
    </ClCompile>
    <ClCompile Include="AStar15.cpp">
      <Filter>Source Files</Filter>
    </ClCompile>
    <ClCompile Include="Miner.cpp">
      <Filter>Source Files</Filter>
    </ClCompile>
    <ClCompile Include="MinerSleep.cpp">
      <Filter>Source Files</Filter>
    </ClCompile>
    <ClCompile Include="MinerIdle.cpp">
      <Filter>Source Files</Filter>
    </ClCompile>
    <ClCompile Include="MinerTravel.cpp">
      <Filter>Source Files</Filter>
    </ClCompile>
    <ClCompile Include="MinerWork.cpp">
      <Filter>Source Files</Filter>
    </ClCompile>
    <ClCompile Include="SteeringBehaviors.cpp">
      <Filter>Source Files</Filter>
    </ClCompile>
  </ItemGroup>
  <ItemGroup>
    <ClInclude Include="Vector2.h">
      <Filter>Header Files</Filter>
    </ClInclude>
    <ClInclude Include="FontManager.h">
      <Filter>Header Files</Filter>
    </ClInclude>
    <ClInclude Include="Application.h">
      <Filter>Header Files</Filter>
    </ClInclude>
    <ClInclude Include="AStarScene.h">
      <Filter>Header Files</Filter>
    </ClInclude>
    <ClInclude Include="FifteenPuzzleScene.h">
      <Filter>Header Files</Filter>
    </ClInclude>
    <ClInclude Include="FontEnum.h">
      <Filter>Header Files</Filter>
    </ClInclude>
    <ClInclude Include="FPSCounter.h">
      <Filter>Header Files</Filter>
    </ClInclude>
    <ClInclude Include="IScene.h">
      <Filter>Header Files</Filter>
    </ClInclude>
    <ClInclude Include="LoadingScene.h">
      <Filter>Header Files</Filter>
    </ClInclude>
    <ClInclude Include="MainMenuScene.h">
      <Filter>Header Files</Filter>
    </ClInclude>
    <ClInclude Include="MinerScene.h">
      <Filter>Header Files</Filter>
    </ClInclude>
    <ClInclude Include="SceneEnum.h">
      <Filter>Header Files</Filter>
    </ClInclude>
    <ClInclude Include="AStar.h">
      <Filter>Header Files</Filter>
    </ClInclude>
    <ClInclude Include="Node.h">
      <Filter>Header Files</Filter>
    </ClInclude>
    <ClInclude Include="NodeState.h">
      <Filter>Header Files</Filter>
    </ClInclude>
    <ClInclude Include="SteeringBehaviors.h">
      <Filter>Header Files</Filter>
    </ClInclude>
    <ClInclude Include="Utils.h">
      <Filter>Header Files</Filter>
    </ClInclude>
    <ClInclude Include="Node15.h">
      <Filter>Header Files</Filter>
    </ClInclude>
    <ClInclude Include="AStar15.h">
      <Filter>Header Files</Filter>
    </ClInclude>
    <ClInclude Include="Miner.h">
      <Filter>Header Files</Filter>
    </ClInclude>
    <ClInclude Include="..\FSM\BaseState.h">
      <Filter>Header Files</Filter>
    </ClInclude>
    <ClInclude Include="..\FSM\FSM.h">
      <Filter>Header Files</Filter>
    </ClInclude>
    <ClInclude Include="MinerSleep.h">
      <Filter>Header Files</Filter>
    </ClInclude>
    <ClInclude Include="MinerIdle.h">
      <Filter>Header Files</Filter>
    </ClInclude>
    <ClInclude Include="MinerTravel.h">
      <Filter>Header Files</Filter>
    </ClInclude>
    <ClInclude Include="MinerWork.h">
      <Filter>Header Files</Filter>
    </ClInclude>
  </ItemGroup>
  <ItemGroup>
    <Font Include="sansation.ttf" />
  </ItemGroup>
</Project>